// !$*UTF8*$!
{
	archiveVersion = 1;
	classes = {
	};
	objectVersion = 55;
	objects = {

/* Begin PBXBuildFile section */
		D21CF577289AC9D000A0291B /* NetworkUtil.swift in Sources */ = {isa = PBXBuildFile; fileRef = D21CF576289AC9D000A0291B /* NetworkUtil.swift */; };
		D2445B8E28AFCCAD001FB9DE /* SheetManager.swift in Sources */ = {isa = PBXBuildFile; fileRef = D2445B8D28AFCCAD001FB9DE /* SheetManager.swift */; };
		D2445B9028B13814001FB9DE /* CustomModal.swift in Sources */ = {isa = PBXBuildFile; fileRef = D2445B8F28B13814001FB9DE /* CustomModal.swift */; };
		D2445B9228B138B7001FB9DE /* CustomModalViewModifier.swift in Sources */ = {isa = PBXBuildFile; fileRef = D2445B9128B138B7001FB9DE /* CustomModalViewModifier.swift */; };
		D2445B9428B13DBA001FB9DE /* CommentView.swift in Sources */ = {isa = PBXBuildFile; fileRef = D2445B9328B13DBA001FB9DE /* CommentView.swift */; };
		D2B36D4C2890DEB9009C5127 /* Beer_RecommendationApp.swift in Sources */ = {isa = PBXBuildFile; fileRef = D2B36D4B2890DEB9009C5127 /* Beer_RecommendationApp.swift */; };
		D2B36D4E2890DEB9009C5127 /* BeerListView.swift in Sources */ = {isa = PBXBuildFile; fileRef = D2B36D4D2890DEB9009C5127 /* BeerListView.swift */; };
		D2B36D502890DEBA009C5127 /* Assets.xcassets in Resources */ = {isa = PBXBuildFile; fileRef = D2B36D4F2890DEBA009C5127 /* Assets.xcassets */; };
		D2B36D532890DEBA009C5127 /* Preview Assets.xcassets in Resources */ = {isa = PBXBuildFile; fileRef = D2B36D522890DEBA009C5127 /* Preview Assets.xcassets */; };
		D2B36D5D2890DEBA009C5127 /* Beer_RecommendationTests.swift in Sources */ = {isa = PBXBuildFile; fileRef = D2B36D5C2890DEBA009C5127 /* Beer_RecommendationTests.swift */; };
		D2B36D672890DEBA009C5127 /* Beer_RecommendationUITests.swift in Sources */ = {isa = PBXBuildFile; fileRef = D2B36D662890DEBA009C5127 /* Beer_RecommendationUITests.swift */; };
		D2B36D692890DEBA009C5127 /* Beer_RecommendationUITestsLaunchTests.swift in Sources */ = {isa = PBXBuildFile; fileRef = D2B36D682890DEBA009C5127 /* Beer_RecommendationUITestsLaunchTests.swift */; };
		D2BEF0A3289EC45B0003BA5F /* NetworkError.swift in Sources */ = {isa = PBXBuildFile; fileRef = D2BEF0A2289EC45B0003BA5F /* NetworkError.swift */; };
		D2BEF0A6289ED29F0003BA5F /* BeerDTO.swift in Sources */ = {isa = PBXBuildFile; fileRef = D2BEF0A5289ED29F0003BA5F /* BeerDTO.swift */; };
		D2BEF0A8289ED3900003BA5F /* BeerDataSource.swift in Sources */ = {isa = PBXBuildFile; fileRef = D2BEF0A7289ED3900003BA5F /* BeerDataSource.swift */; };
		D2BEF0AA289FA0730003BA5F /* BeerEntity.swift in Sources */ = {isa = PBXBuildFile; fileRef = D2BEF0A9289FA0730003BA5F /* BeerEntity.swift */; };
		D2BEF0AC289FA1630003BA5F /* BeerViewModel.swift in Sources */ = {isa = PBXBuildFile; fileRef = D2BEF0AB289FA1630003BA5F /* BeerViewModel.swift */; };
		D2BEF0AE289FA1750003BA5F /* BeerRepositoryInterface.swift in Sources */ = {isa = PBXBuildFile; fileRef = D2BEF0AD289FA1750003BA5F /* BeerRepositoryInterface.swift */; };
		D2BEF0B0289FA17D0003BA5F /* BeerUseCase.swift in Sources */ = {isa = PBXBuildFile; fileRef = D2BEF0AF289FA17D0003BA5F /* BeerUseCase.swift */; };
		D2BEF0B2289FA1870003BA5F /* BeerRepository.swift in Sources */ = {isa = PBXBuildFile; fileRef = D2BEF0B1289FA1870003BA5F /* BeerRepository.swift */; };
		D2BEF0CA28A7E5220003BA5F /* AppDIContainer.swift in Sources */ = {isa = PBXBuildFile; fileRef = D2BEF0C928A7E5220003BA5F /* AppDIContainer.swift */; };
		D2BEF0CD28A93CEB0003BA5F /* View.swift in Sources */ = {isa = PBXBuildFile; fileRef = D2BEF0CC28A93CEB0003BA5F /* View.swift */; };
		D2BEF0CF28A93E0D0003BA5F /* LoadingViewModifier.swift in Sources */ = {isa = PBXBuildFile; fileRef = D2BEF0CE28A93E0D0003BA5F /* LoadingViewModifier.swift */; };
		D2BEF0D128A9485F0003BA5F /* ErrorModalViewModifier.swift in Sources */ = {isa = PBXBuildFile; fileRef = D2BEF0D028A9485F0003BA5F /* ErrorModalViewModifier.swift */; };
		D2BEF0D428AA3A900003BA5F /* BeerViewModelError.swift in Sources */ = {isa = PBXBuildFile; fileRef = D2BEF0D328AA3A900003BA5F /* BeerViewModelError.swift */; };
		D2BEF0D628AA3E6C0003BA5F /* ErrorModal.swift in Sources */ = {isa = PBXBuildFile; fileRef = D2BEF0D528AA3E6C0003BA5F /* ErrorModal.swift */; };
/* End PBXBuildFile section */

/* Begin PBXContainerItemProxy section */
		D2B36D592890DEBA009C5127 /* PBXContainerItemProxy */ = {
			isa = PBXContainerItemProxy;
			containerPortal = D2B36D402890DEB9009C5127 /* Project object */;
			proxyType = 1;
			remoteGlobalIDString = D2B36D472890DEB9009C5127;
			remoteInfo = "Beer-Recommendation";
		};
		D2B36D632890DEBA009C5127 /* PBXContainerItemProxy */ = {
			isa = PBXContainerItemProxy;
			containerPortal = D2B36D402890DEB9009C5127 /* Project object */;
			proxyType = 1;
			remoteGlobalIDString = D2B36D472890DEB9009C5127;
			remoteInfo = "Beer-Recommendation";
		};
/* End PBXContainerItemProxy section */

/* Begin PBXFileReference section */
		D21CF576289AC9D000A0291B /* NetworkUtil.swift */ = {isa = PBXFileReference; lastKnownFileType = sourcecode.swift; path = NetworkUtil.swift; sourceTree = "<group>"; };
		D2445B8D28AFCCAD001FB9DE /* SheetManager.swift */ = {isa = PBXFileReference; lastKnownFileType = sourcecode.swift; path = SheetManager.swift; sourceTree = "<group>"; };
		D2445B8F28B13814001FB9DE /* CustomModal.swift */ = {isa = PBXFileReference; lastKnownFileType = sourcecode.swift; path = CustomModal.swift; sourceTree = "<group>"; };
		D2445B9128B138B7001FB9DE /* CustomModalViewModifier.swift */ = {isa = PBXFileReference; lastKnownFileType = sourcecode.swift; path = CustomModalViewModifier.swift; sourceTree = "<group>"; };
		D2445B9328B13DBA001FB9DE /* CommentView.swift */ = {isa = PBXFileReference; lastKnownFileType = sourcecode.swift; path = CommentView.swift; sourceTree = "<group>"; };
		D2B36D482890DEB9009C5127 /* Beer-Recommendation.app */ = {isa = PBXFileReference; explicitFileType = wrapper.application; includeInIndex = 0; path = "Beer-Recommendation.app"; sourceTree = BUILT_PRODUCTS_DIR; };
		D2B36D4B2890DEB9009C5127 /* Beer_RecommendationApp.swift */ = {isa = PBXFileReference; lastKnownFileType = sourcecode.swift; path = Beer_RecommendationApp.swift; sourceTree = "<group>"; };
		D2B36D4D2890DEB9009C5127 /* BeerListView.swift */ = {isa = PBXFileReference; lastKnownFileType = sourcecode.swift; path = BeerListView.swift; sourceTree = "<group>"; };
		D2B36D4F2890DEBA009C5127 /* Assets.xcassets */ = {isa = PBXFileReference; lastKnownFileType = folder.assetcatalog; path = Assets.xcassets; sourceTree = "<group>"; };
		D2B36D522890DEBA009C5127 /* Preview Assets.xcassets */ = {isa = PBXFileReference; lastKnownFileType = folder.assetcatalog; path = "Preview Assets.xcassets"; sourceTree = "<group>"; };
		D2B36D582890DEBA009C5127 /* Beer-RecommendationTests.xctest */ = {isa = PBXFileReference; explicitFileType = wrapper.cfbundle; includeInIndex = 0; path = "Beer-RecommendationTests.xctest"; sourceTree = BUILT_PRODUCTS_DIR; };
		D2B36D5C2890DEBA009C5127 /* Beer_RecommendationTests.swift */ = {isa = PBXFileReference; lastKnownFileType = sourcecode.swift; path = Beer_RecommendationTests.swift; sourceTree = "<group>"; };
		D2B36D622890DEBA009C5127 /* Beer-RecommendationUITests.xctest */ = {isa = PBXFileReference; explicitFileType = wrapper.cfbundle; includeInIndex = 0; path = "Beer-RecommendationUITests.xctest"; sourceTree = BUILT_PRODUCTS_DIR; };
		D2B36D662890DEBA009C5127 /* Beer_RecommendationUITests.swift */ = {isa = PBXFileReference; lastKnownFileType = sourcecode.swift; path = Beer_RecommendationUITests.swift; sourceTree = "<group>"; };
		D2B36D682890DEBA009C5127 /* Beer_RecommendationUITestsLaunchTests.swift */ = {isa = PBXFileReference; lastKnownFileType = sourcecode.swift; path = Beer_RecommendationUITestsLaunchTests.swift; sourceTree = "<group>"; };
		D2BEF0A2289EC45B0003BA5F /* NetworkError.swift */ = {isa = PBXFileReference; lastKnownFileType = sourcecode.swift; path = NetworkError.swift; sourceTree = "<group>"; };
		D2BEF0A4289ECBC70003BA5F /* Info.plist */ = {isa = PBXFileReference; lastKnownFileType = text.plist; path = Info.plist; sourceTree = "<group>"; };
		D2BEF0A5289ED29F0003BA5F /* BeerDTO.swift */ = {isa = PBXFileReference; lastKnownFileType = sourcecode.swift; path = BeerDTO.swift; sourceTree = "<group>"; };
		D2BEF0A7289ED3900003BA5F /* BeerDataSource.swift */ = {isa = PBXFileReference; lastKnownFileType = sourcecode.swift; path = BeerDataSource.swift; sourceTree = "<group>"; };
		D2BEF0A9289FA0730003BA5F /* BeerEntity.swift */ = {isa = PBXFileReference; lastKnownFileType = sourcecode.swift; path = BeerEntity.swift; sourceTree = "<group>"; };
		D2BEF0AB289FA1630003BA5F /* BeerViewModel.swift */ = {isa = PBXFileReference; lastKnownFileType = sourcecode.swift; path = BeerViewModel.swift; sourceTree = "<group>"; };
		D2BEF0AD289FA1750003BA5F /* BeerRepositoryInterface.swift */ = {isa = PBXFileReference; lastKnownFileType = sourcecode.swift; path = BeerRepositoryInterface.swift; sourceTree = "<group>"; };
		D2BEF0AF289FA17D0003BA5F /* BeerUseCase.swift */ = {isa = PBXFileReference; lastKnownFileType = sourcecode.swift; path = BeerUseCase.swift; sourceTree = "<group>"; };
		D2BEF0B1289FA1870003BA5F /* BeerRepository.swift */ = {isa = PBXFileReference; lastKnownFileType = sourcecode.swift; path = BeerRepository.swift; sourceTree = "<group>"; };
		D2BEF0C928A7E5220003BA5F /* AppDIContainer.swift */ = {isa = PBXFileReference; lastKnownFileType = sourcecode.swift; path = AppDIContainer.swift; sourceTree = "<group>"; };
		D2BEF0CC28A93CEB0003BA5F /* View.swift */ = {isa = PBXFileReference; lastKnownFileType = sourcecode.swift; path = View.swift; sourceTree = "<group>"; };
		D2BEF0CE28A93E0D0003BA5F /* LoadingViewModifier.swift */ = {isa = PBXFileReference; lastKnownFileType = sourcecode.swift; path = LoadingViewModifier.swift; sourceTree = "<group>"; };
		D2BEF0D028A9485F0003BA5F /* ErrorModalViewModifier.swift */ = {isa = PBXFileReference; lastKnownFileType = sourcecode.swift; path = ErrorModalViewModifier.swift; sourceTree = "<group>"; };
		D2BEF0D328AA3A900003BA5F /* BeerViewModelError.swift */ = {isa = PBXFileReference; lastKnownFileType = sourcecode.swift; path = BeerViewModelError.swift; sourceTree = "<group>"; };
		D2BEF0D528AA3E6C0003BA5F /* ErrorModal.swift */ = {isa = PBXFileReference; lastKnownFileType = sourcecode.swift; path = ErrorModal.swift; sourceTree = "<group>"; };
/* End PBXFileReference section */

/* Begin PBXFrameworksBuildPhase section */
		D2B36D452890DEB9009C5127 /* Frameworks */ = {
			isa = PBXFrameworksBuildPhase;
			buildActionMask = 2147483647;
			files = (
			);
			runOnlyForDeploymentPostprocessing = 0;
		};
		D2B36D552890DEBA009C5127 /* Frameworks */ = {
			isa = PBXFrameworksBuildPhase;
			buildActionMask = 2147483647;
			files = (
			);
			runOnlyForDeploymentPostprocessing = 0;
		};
		D2B36D5F2890DEBA009C5127 /* Frameworks */ = {
			isa = PBXFrameworksBuildPhase;
			buildActionMask = 2147483647;
			files = (
			);
			runOnlyForDeploymentPostprocessing = 0;
		};
/* End PBXFrameworksBuildPhase section */

/* Begin PBXGroup section */
		D21CF566289AB7EB00A0291B /* DataLayer */ = {
			isa = PBXGroup;
			children = (
				D21CF56F289AB85600A0291B /* DTO */,
				D21CF56E289AB85100A0291B /* DataSource */,
				D21CF570289AB86100A0291B /* Repository */,
			);
			path = DataLayer;
			sourceTree = "<group>";
		};
		D21CF567289AB7F300A0291B /* DomainLayer */ = {
			isa = PBXGroup;
			children = (
				D21CF56B289AB82F00A0291B /* Entity */,
				D21CF56C289AB83600A0291B /* UseCase */,
			);
			path = DomainLayer;
			sourceTree = "<group>";
		};
		D21CF568289AB80000A0291B /* PresentationLayer */ = {
			isa = PBXGroup;
			children = (
				D21CF569289AB80F00A0291B /* View */,
				D21CF56A289AB81300A0291B /* ViewModel */,
			);
			path = PresentationLayer;
			sourceTree = "<group>";
		};
		D21CF569289AB80F00A0291B /* View */ = {
			isa = PBXGroup;
			children = (
				D2B36D4D2890DEB9009C5127 /* BeerListView.swift */,
				D2445B9328B13DBA001FB9DE /* CommentView.swift */,
			);
			path = View;
			sourceTree = "<group>";
		};
		D21CF56A289AB81300A0291B /* ViewModel */ = {
			isa = PBXGroup;
			children = (
				D2445B8C28AFCC9B001FB9DE /* EnvironmentObject */,
				D2BEF0D228AA3A820003BA5F /* ViewModelError */,
				D2BEF0AB289FA1630003BA5F /* BeerViewModel.swift */,
			);
			path = ViewModel;
			sourceTree = "<group>";
		};
		D21CF56B289AB82F00A0291B /* Entity */ = {
			isa = PBXGroup;
			children = (
				D2BEF0A9289FA0730003BA5F /* BeerEntity.swift */,
			);
			path = Entity;
			sourceTree = "<group>";
		};
		D21CF56C289AB83600A0291B /* UseCase */ = {
			isa = PBXGroup;
			children = (
				D21CF56D289AB83F00A0291B /* RepositoryInterface */,
				D2BEF0AF289FA17D0003BA5F /* BeerUseCase.swift */,
			);
			path = UseCase;
			sourceTree = "<group>";
		};
		D21CF56D289AB83F00A0291B /* RepositoryInterface */ = {
			isa = PBXGroup;
			children = (
				D2BEF0AD289FA1750003BA5F /* BeerRepositoryInterface.swift */,
			);
			path = RepositoryInterface;
			sourceTree = "<group>";
		};
		D21CF56E289AB85100A0291B /* DataSource */ = {
			isa = PBXGroup;
			children = (
				D2BEF0A7289ED3900003BA5F /* BeerDataSource.swift */,
			);
			path = DataSource;
			sourceTree = "<group>";
		};
		D21CF56F289AB85600A0291B /* DTO */ = {
			isa = PBXGroup;
			children = (
				D2BEF0A5289ED29F0003BA5F /* BeerDTO.swift */,
			);
			path = DTO;
			sourceTree = "<group>";
		};
		D21CF570289AB86100A0291B /* Repository */ = {
			isa = PBXGroup;
			children = (
				D2BEF0B1289FA1870003BA5F /* BeerRepository.swift */,
			);
			path = Repository;
			sourceTree = "<group>";
		};
		D21CF571289AB87900A0291B /* Utils */ = {
			isa = PBXGroup;
			children = (
				D21CF572289AB87F00A0291B /* CommonUtil */,
				D21CF573289AB88D00A0291B /* UiUtil */,
			);
			path = Utils;
			sourceTree = "<group>";
		};
		D21CF572289AB87F00A0291B /* CommonUtil */ = {
			isa = PBXGroup;
			children = (
				D2BEF0A1289EC4480003BA5F /* Network */,
			);
			path = CommonUtil;
			sourceTree = "<group>";
		};
		D21CF573289AB88D00A0291B /* UiUtil */ = {
			isa = PBXGroup;
			children = (
				D2BEF0CB28A93CBF0003BA5F /* ViewModifier */,
				D21CF574289AB9F700A0291B /* Extension */,
				D21CF575289ABA0400A0291B /* Component */,
				D2BEF0D528AA3E6C0003BA5F /* ErrorModal.swift */,
				D2445B8F28B13814001FB9DE /* CustomModal.swift */,
			);
			path = UiUtil;
			sourceTree = "<group>";
		};
		D21CF574289AB9F700A0291B /* Extension */ = {
			isa = PBXGroup;
			children = (
				D2BEF0CC28A93CEB0003BA5F /* View.swift */,
			);
			path = Extension;
			sourceTree = "<group>";
		};
		D21CF575289ABA0400A0291B /* Component */ = {
			isa = PBXGroup;
			children = (
			);
			path = Component;
			sourceTree = "<group>";
		};
		D2445B8C28AFCC9B001FB9DE /* EnvironmentObject */ = {
			isa = PBXGroup;
			children = (
				D2445B8D28AFCCAD001FB9DE /* SheetManager.swift */,
			);
			path = EnvironmentObject;
			sourceTree = "<group>";
		};
		D2B36D3F2890DEB9009C5127 = {
			isa = PBXGroup;
			children = (
				D2B36D4A2890DEB9009C5127 /* Beer-Recommendation */,
				D2B36D5B2890DEBA009C5127 /* Beer-RecommendationTests */,
				D2B36D652890DEBA009C5127 /* Beer-RecommendationUITests */,
				D2B36D492890DEB9009C5127 /* Products */,
			);
			sourceTree = "<group>";
		};
		D2B36D492890DEB9009C5127 /* Products */ = {
			isa = PBXGroup;
			children = (
				D2B36D482890DEB9009C5127 /* Beer-Recommendation.app */,
				D2B36D582890DEBA009C5127 /* Beer-RecommendationTests.xctest */,
				D2B36D622890DEBA009C5127 /* Beer-RecommendationUITests.xctest */,
			);
			name = Products;
			sourceTree = "<group>";
		};
		D2B36D4A2890DEB9009C5127 /* Beer-Recommendation */ = {
			isa = PBXGroup;
			children = (
				D2BEF0C828A7E5100003BA5F /* AppDIContainer */,
				D21CF566289AB7EB00A0291B /* DataLayer */,
				D21CF567289AB7F300A0291B /* DomainLayer */,
				D21CF568289AB80000A0291B /* PresentationLayer */,
				D21CF571289AB87900A0291B /* Utils */,
				D2B36D4B2890DEB9009C5127 /* Beer_RecommendationApp.swift */,
				D2BEF0A4289ECBC70003BA5F /* Info.plist */,
				D2B36D4F2890DEBA009C5127 /* Assets.xcassets */,
				D2B36D512890DEBA009C5127 /* Preview Content */,
			);
			path = "Beer-Recommendation";
			sourceTree = "<group>";
		};
		D2B36D512890DEBA009C5127 /* Preview Content */ = {
			isa = PBXGroup;
			children = (
				D2B36D522890DEBA009C5127 /* Preview Assets.xcassets */,
			);
			path = "Preview Content";
			sourceTree = "<group>";
		};
		D2B36D5B2890DEBA009C5127 /* Beer-RecommendationTests */ = {
			isa = PBXGroup;
			children = (
				D2B36D5C2890DEBA009C5127 /* Beer_RecommendationTests.swift */,
			);
			path = "Beer-RecommendationTests";
			sourceTree = "<group>";
		};
		D2B36D652890DEBA009C5127 /* Beer-RecommendationUITests */ = {
			isa = PBXGroup;
			children = (
				D2B36D662890DEBA009C5127 /* Beer_RecommendationUITests.swift */,
				D2B36D682890DEBA009C5127 /* Beer_RecommendationUITestsLaunchTests.swift */,
			);
			path = "Beer-RecommendationUITests";
			sourceTree = "<group>";
		};
		D2BEF0A1289EC4480003BA5F /* Network */ = {
			isa = PBXGroup;
			children = (
				D21CF576289AC9D000A0291B /* NetworkUtil.swift */,
				D2BEF0A2289EC45B0003BA5F /* NetworkError.swift */,
			);
			path = Network;
			sourceTree = "<group>";
		};
		D2BEF0C828A7E5100003BA5F /* AppDIContainer */ = {
			isa = PBXGroup;
			children = (
				D2BEF0C928A7E5220003BA5F /* AppDIContainer.swift */,
			);
			path = AppDIContainer;
			sourceTree = "<group>";
		};
		D2BEF0CB28A93CBF0003BA5F /* ViewModifier */ = {
			isa = PBXGroup;
			children = (
				D2BEF0CE28A93E0D0003BA5F /* LoadingViewModifier.swift */,
				D2BEF0D028A9485F0003BA5F /* ErrorModalViewModifier.swift */,
				D2445B9128B138B7001FB9DE /* CustomModalViewModifier.swift */,
			);
			path = ViewModifier;
			sourceTree = "<group>";
		};
		D2BEF0D228AA3A820003BA5F /* ViewModelError */ = {
			isa = PBXGroup;
			children = (
				D2BEF0D328AA3A900003BA5F /* BeerViewModelError.swift */,
			);
			path = ViewModelError;
			sourceTree = "<group>";
		};
/* End PBXGroup section */

/* Begin PBXNativeTarget section */
		D2B36D472890DEB9009C5127 /* Beer-Recommendation */ = {
			isa = PBXNativeTarget;
			buildConfigurationList = D2B36D6C2890DEBA009C5127 /* Build configuration list for PBXNativeTarget "Beer-Recommendation" */;
			buildPhases = (
				D2B36D442890DEB9009C5127 /* Sources */,
				D2B36D452890DEB9009C5127 /* Frameworks */,
				D2B36D462890DEB9009C5127 /* Resources */,
			);
			buildRules = (
			);
			dependencies = (
			);
			name = "Beer-Recommendation";
			productName = "Beer-Recommendation";
			productReference = D2B36D482890DEB9009C5127 /* Beer-Recommendation.app */;
			productType = "com.apple.product-type.application";
		};
		D2B36D572890DEBA009C5127 /* Beer-RecommendationTests */ = {
			isa = PBXNativeTarget;
			buildConfigurationList = D2B36D6F2890DEBA009C5127 /* Build configuration list for PBXNativeTarget "Beer-RecommendationTests" */;
			buildPhases = (
				D2B36D542890DEBA009C5127 /* Sources */,
				D2B36D552890DEBA009C5127 /* Frameworks */,
				D2B36D562890DEBA009C5127 /* Resources */,
			);
			buildRules = (
			);
			dependencies = (
				D2B36D5A2890DEBA009C5127 /* PBXTargetDependency */,
			);
			name = "Beer-RecommendationTests";
			productName = "Beer-RecommendationTests";
			productReference = D2B36D582890DEBA009C5127 /* Beer-RecommendationTests.xctest */;
			productType = "com.apple.product-type.bundle.unit-test";
		};
		D2B36D612890DEBA009C5127 /* Beer-RecommendationUITests */ = {
			isa = PBXNativeTarget;
			buildConfigurationList = D2B36D722890DEBA009C5127 /* Build configuration list for PBXNativeTarget "Beer-RecommendationUITests" */;
			buildPhases = (
				D2B36D5E2890DEBA009C5127 /* Sources */,
				D2B36D5F2890DEBA009C5127 /* Frameworks */,
				D2B36D602890DEBA009C5127 /* Resources */,
			);
			buildRules = (
			);
			dependencies = (
				D2B36D642890DEBA009C5127 /* PBXTargetDependency */,
			);
			name = "Beer-RecommendationUITests";
			productName = "Beer-RecommendationUITests";
			productReference = D2B36D622890DEBA009C5127 /* Beer-RecommendationUITests.xctest */;
			productType = "com.apple.product-type.bundle.ui-testing";
		};
/* End PBXNativeTarget section */

/* Begin PBXProject section */
		D2B36D402890DEB9009C5127 /* Project object */ = {
			isa = PBXProject;
			attributes = {
				BuildIndependentTargetsInParallel = 1;
				LastSwiftUpdateCheck = 1340;
				LastUpgradeCheck = 1340;
				TargetAttributes = {
					D2B36D472890DEB9009C5127 = {
						CreatedOnToolsVersion = 13.4.1;
					};
					D2B36D572890DEBA009C5127 = {
						CreatedOnToolsVersion = 13.4.1;
						TestTargetID = D2B36D472890DEB9009C5127;
					};
					D2B36D612890DEBA009C5127 = {
						CreatedOnToolsVersion = 13.4.1;
						TestTargetID = D2B36D472890DEB9009C5127;
					};
				};
			};
			buildConfigurationList = D2B36D432890DEB9009C5127 /* Build configuration list for PBXProject "Beer-Recommendation" */;
			compatibilityVersion = "Xcode 13.0";
			developmentRegion = en;
			hasScannedForEncodings = 0;
			knownRegions = (
				en,
				Base,
			);
			mainGroup = D2B36D3F2890DEB9009C5127;
			productRefGroup = D2B36D492890DEB9009C5127 /* Products */;
			projectDirPath = "";
			projectRoot = "";
			targets = (
				D2B36D472890DEB9009C5127 /* Beer-Recommendation */,
				D2B36D572890DEBA009C5127 /* Beer-RecommendationTests */,
				D2B36D612890DEBA009C5127 /* Beer-RecommendationUITests */,
			);
		};
/* End PBXProject section */

/* Begin PBXResourcesBuildPhase section */
		D2B36D462890DEB9009C5127 /* Resources */ = {
			isa = PBXResourcesBuildPhase;
			buildActionMask = 2147483647;
			files = (
				D2B36D532890DEBA009C5127 /* Preview Assets.xcassets in Resources */,
				D2B36D502890DEBA009C5127 /* Assets.xcassets in Resources */,
			);
			runOnlyForDeploymentPostprocessing = 0;
		};
		D2B36D562890DEBA009C5127 /* Resources */ = {
			isa = PBXResourcesBuildPhase;
			buildActionMask = 2147483647;
			files = (
			);
			runOnlyForDeploymentPostprocessing = 0;
		};
		D2B36D602890DEBA009C5127 /* Resources */ = {
			isa = PBXResourcesBuildPhase;
			buildActionMask = 2147483647;
			files = (
			);
			runOnlyForDeploymentPostprocessing = 0;
		};
/* End PBXResourcesBuildPhase section */

/* Begin PBXSourcesBuildPhase section */
		D2B36D442890DEB9009C5127 /* Sources */ = {
			isa = PBXSourcesBuildPhase;
			buildActionMask = 2147483647;
			files = (
				D2445B9028B13814001FB9DE /* CustomModal.swift in Sources */,
				D2BEF0B2289FA1870003BA5F /* BeerRepository.swift in Sources */,
				D2445B8E28AFCCAD001FB9DE /* SheetManager.swift in Sources */,
				D2BEF0AC289FA1630003BA5F /* BeerViewModel.swift in Sources */,
				D2BEF0B0289FA17D0003BA5F /* BeerUseCase.swift in Sources */,
				D2B36D4E2890DEB9009C5127 /* BeerListView.swift in Sources */,
				D2BEF0CF28A93E0D0003BA5F /* LoadingViewModifier.swift in Sources */,
				D2BEF0A3289EC45B0003BA5F /* NetworkError.swift in Sources */,
				D2BEF0A8289ED3900003BA5F /* BeerDataSource.swift in Sources */,
				D2BEF0D428AA3A900003BA5F /* BeerViewModelError.swift in Sources */,
				D2BEF0D628AA3E6C0003BA5F /* ErrorModal.swift in Sources */,
				D2BEF0A6289ED29F0003BA5F /* BeerDTO.swift in Sources */,
				D2445B9428B13DBA001FB9DE /* CommentView.swift in Sources */,
				D2B36D4C2890DEB9009C5127 /* Beer_RecommendationApp.swift in Sources */,
				D2BEF0CA28A7E5220003BA5F /* AppDIContainer.swift in Sources */,
				D2445B9228B138B7001FB9DE /* CustomModalViewModifier.swift in Sources */,
				D2BEF0D128A9485F0003BA5F /* ErrorModalViewModifier.swift in Sources */,
				D2BEF0AE289FA1750003BA5F /* BeerRepositoryInterface.swift in Sources */,
				D2BEF0AA289FA0730003BA5F /* BeerEntity.swift in Sources */,
				D21CF577289AC9D000A0291B /* NetworkUtil.swift in Sources */,
				D2BEF0CD28A93CEB0003BA5F /* View.swift in Sources */,
			);
			runOnlyForDeploymentPostprocessing = 0;
		};
		D2B36D542890DEBA009C5127 /* Sources */ = {
			isa = PBXSourcesBuildPhase;
			buildActionMask = 2147483647;
			files = (
				D2B36D5D2890DEBA009C5127 /* Beer_RecommendationTests.swift in Sources */,
			);
			runOnlyForDeploymentPostprocessing = 0;
		};
		D2B36D5E2890DEBA009C5127 /* Sources */ = {
			isa = PBXSourcesBuildPhase;
			buildActionMask = 2147483647;
			files = (
				D2B36D672890DEBA009C5127 /* Beer_RecommendationUITests.swift in Sources */,
				D2B36D692890DEBA009C5127 /* Beer_RecommendationUITestsLaunchTests.swift in Sources */,
			);
			runOnlyForDeploymentPostprocessing = 0;
		};
/* End PBXSourcesBuildPhase section */

/* Begin PBXTargetDependency section */
		D2B36D5A2890DEBA009C5127 /* PBXTargetDependency */ = {
			isa = PBXTargetDependency;
			target = D2B36D472890DEB9009C5127 /* Beer-Recommendation */;
			targetProxy = D2B36D592890DEBA009C5127 /* PBXContainerItemProxy */;
		};
		D2B36D642890DEBA009C5127 /* PBXTargetDependency */ = {
			isa = PBXTargetDependency;
			target = D2B36D472890DEB9009C5127 /* Beer-Recommendation */;
			targetProxy = D2B36D632890DEBA009C5127 /* PBXContainerItemProxy */;
		};
/* End PBXTargetDependency section */

/* Begin XCBuildConfiguration section */
		D2B36D6A2890DEBA009C5127 /* Debug */ = {
			isa = XCBuildConfiguration;
			buildSettings = {
				ALWAYS_SEARCH_USER_PATHS = NO;
				CLANG_ANALYZER_NONNULL = YES;
				CLANG_ANALYZER_NUMBER_OBJECT_CONVERSION = YES_AGGRESSIVE;
				CLANG_CXX_LANGUAGE_STANDARD = "gnu++17";
				CLANG_ENABLE_MODULES = YES;
				CLANG_ENABLE_OBJC_ARC = YES;
				CLANG_ENABLE_OBJC_WEAK = YES;
				CLANG_WARN_BLOCK_CAPTURE_AUTORELEASING = YES;
				CLANG_WARN_BOOL_CONVERSION = YES;
				CLANG_WARN_COMMA = YES;
				CLANG_WARN_CONSTANT_CONVERSION = YES;
				CLANG_WARN_DEPRECATED_OBJC_IMPLEMENTATIONS = YES;
				CLANG_WARN_DIRECT_OBJC_ISA_USAGE = YES_ERROR;
				CLANG_WARN_DOCUMENTATION_COMMENTS = YES;
				CLANG_WARN_EMPTY_BODY = YES;
				CLANG_WARN_ENUM_CONVERSION = YES;
				CLANG_WARN_INFINITE_RECURSION = YES;
				CLANG_WARN_INT_CONVERSION = YES;
				CLANG_WARN_NON_LITERAL_NULL_CONVERSION = YES;
				CLANG_WARN_OBJC_IMPLICIT_RETAIN_SELF = YES;
				CLANG_WARN_OBJC_LITERAL_CONVERSION = YES;
				CLANG_WARN_OBJC_ROOT_CLASS = YES_ERROR;
				CLANG_WARN_QUOTED_INCLUDE_IN_FRAMEWORK_HEADER = YES;
				CLANG_WARN_RANGE_LOOP_ANALYSIS = YES;
				CLANG_WARN_STRICT_PROTOTYPES = YES;
				CLANG_WARN_SUSPICIOUS_MOVE = YES;
				CLANG_WARN_UNGUARDED_AVAILABILITY = YES_AGGRESSIVE;
				CLANG_WARN_UNREACHABLE_CODE = YES;
				CLANG_WARN__DUPLICATE_METHOD_MATCH = YES;
				COPY_PHASE_STRIP = NO;
				DEBUG_INFORMATION_FORMAT = dwarf;
				ENABLE_STRICT_OBJC_MSGSEND = YES;
				ENABLE_TESTABILITY = YES;
				GCC_C_LANGUAGE_STANDARD = gnu11;
				GCC_DYNAMIC_NO_PIC = NO;
				GCC_NO_COMMON_BLOCKS = YES;
				GCC_OPTIMIZATION_LEVEL = 0;
				GCC_PREPROCESSOR_DEFINITIONS = (
					"DEBUG=1",
					"$(inherited)",
				);
				GCC_WARN_64_TO_32_BIT_CONVERSION = YES;
				GCC_WARN_ABOUT_RETURN_TYPE = YES_ERROR;
				GCC_WARN_UNDECLARED_SELECTOR = YES;
				GCC_WARN_UNINITIALIZED_AUTOS = YES_AGGRESSIVE;
				GCC_WARN_UNUSED_FUNCTION = YES;
				GCC_WARN_UNUSED_VARIABLE = YES;
				IPHONEOS_DEPLOYMENT_TARGET = 15.0;
				MTL_ENABLE_DEBUG_INFO = INCLUDE_SOURCE;
				MTL_FAST_MATH = YES;
				ONLY_ACTIVE_ARCH = YES;
				SDKROOT = iphoneos;
				SWIFT_ACTIVE_COMPILATION_CONDITIONS = DEBUG;
				SWIFT_OPTIMIZATION_LEVEL = "-Onone";
			};
			name = Debug;
		};
		D2B36D6B2890DEBA009C5127 /* Release */ = {
			isa = XCBuildConfiguration;
			buildSettings = {
				ALWAYS_SEARCH_USER_PATHS = NO;
				CLANG_ANALYZER_NONNULL = YES;
				CLANG_ANALYZER_NUMBER_OBJECT_CONVERSION = YES_AGGRESSIVE;
				CLANG_CXX_LANGUAGE_STANDARD = "gnu++17";
				CLANG_ENABLE_MODULES = YES;
				CLANG_ENABLE_OBJC_ARC = YES;
				CLANG_ENABLE_OBJC_WEAK = YES;
				CLANG_WARN_BLOCK_CAPTURE_AUTORELEASING = YES;
				CLANG_WARN_BOOL_CONVERSION = YES;
				CLANG_WARN_COMMA = YES;
				CLANG_WARN_CONSTANT_CONVERSION = YES;
				CLANG_WARN_DEPRECATED_OBJC_IMPLEMENTATIONS = YES;
				CLANG_WARN_DIRECT_OBJC_ISA_USAGE = YES_ERROR;
				CLANG_WARN_DOCUMENTATION_COMMENTS = YES;
				CLANG_WARN_EMPTY_BODY = YES;
				CLANG_WARN_ENUM_CONVERSION = YES;
				CLANG_WARN_INFINITE_RECURSION = YES;
				CLANG_WARN_INT_CONVERSION = YES;
				CLANG_WARN_NON_LITERAL_NULL_CONVERSION = YES;
				CLANG_WARN_OBJC_IMPLICIT_RETAIN_SELF = YES;
				CLANG_WARN_OBJC_LITERAL_CONVERSION = YES;
				CLANG_WARN_OBJC_ROOT_CLASS = YES_ERROR;
				CLANG_WARN_QUOTED_INCLUDE_IN_FRAMEWORK_HEADER = YES;
				CLANG_WARN_RANGE_LOOP_ANALYSIS = YES;
				CLANG_WARN_STRICT_PROTOTYPES = YES;
				CLANG_WARN_SUSPICIOUS_MOVE = YES;
				CLANG_WARN_UNGUARDED_AVAILABILITY = YES_AGGRESSIVE;
				CLANG_WARN_UNREACHABLE_CODE = YES;
				CLANG_WARN__DUPLICATE_METHOD_MATCH = YES;
				COPY_PHASE_STRIP = NO;
				DEBUG_INFORMATION_FORMAT = "dwarf-with-dsym";
				ENABLE_NS_ASSERTIONS = NO;
				ENABLE_STRICT_OBJC_MSGSEND = YES;
				GCC_C_LANGUAGE_STANDARD = gnu11;
				GCC_NO_COMMON_BLOCKS = YES;
				GCC_WARN_64_TO_32_BIT_CONVERSION = YES;
				GCC_WARN_ABOUT_RETURN_TYPE = YES_ERROR;
				GCC_WARN_UNDECLARED_SELECTOR = YES;
				GCC_WARN_UNINITIALIZED_AUTOS = YES_AGGRESSIVE;
				GCC_WARN_UNUSED_FUNCTION = YES;
				GCC_WARN_UNUSED_VARIABLE = YES;
				IPHONEOS_DEPLOYMENT_TARGET = 15.0;
				MTL_ENABLE_DEBUG_INFO = NO;
				MTL_FAST_MATH = YES;
				SDKROOT = iphoneos;
				SWIFT_COMPILATION_MODE = wholemodule;
				SWIFT_OPTIMIZATION_LEVEL = "-O";
				VALIDATE_PRODUCT = YES;
			};
			name = Release;
		};
		D2B36D6D2890DEBA009C5127 /* Debug */ = {
			isa = XCBuildConfiguration;
			buildSettings = {
				ASSETCATALOG_COMPILER_APPICON_NAME = AppIcon;
				ASSETCATALOG_COMPILER_GLOBAL_ACCENT_COLOR_NAME = AccentColor;
				CODE_SIGN_STYLE = Automatic;
				CURRENT_PROJECT_VERSION = 1;
				DEVELOPMENT_ASSET_PATHS = "\"Beer-Recommendation/Preview Content\"";
				DEVELOPMENT_TEAM = 27L86J7GQV;
				ENABLE_PREVIEWS = YES;
				GENERATE_INFOPLIST_FILE = YES;
				INFOPLIST_FILE = "Beer-Recommendation/Info.plist";
				INFOPLIST_KEY_UIApplicationSceneManifest_Generation = YES;
				INFOPLIST_KEY_UIApplicationSupportsIndirectInputEvents = YES;
				INFOPLIST_KEY_UILaunchScreen_Generation = YES;
				INFOPLIST_KEY_UISupportedInterfaceOrientations = UIInterfaceOrientationPortrait;
				INFOPLIST_KEY_UISupportedInterfaceOrientations_iPad = "UIInterfaceOrientationPortrait UIInterfaceOrientationPortraitUpsideDown UIInterfaceOrientationLandscapeLeft UIInterfaceOrientationLandscapeRight";
				INFOPLIST_KEY_UISupportedInterfaceOrientations_iPhone = "UIInterfaceOrientationPortrait UIInterfaceOrientationLandscapeLeft UIInterfaceOrientationLandscapeRight";
				IPHONEOS_DEPLOYMENT_TARGET = 15.0;
				LD_RUNPATH_SEARCH_PATHS = (
					"$(inherited)",
					"@executable_path/Frameworks",
				);
				MARKETING_VERSION = 1.0;
				PRODUCT_BUNDLE_IDENTIFIER = "com.parkhj0423.Beer-Recommendation";
				PRODUCT_NAME = "$(TARGET_NAME)";
				SWIFT_EMIT_LOC_STRINGS = YES;
				SWIFT_VERSION = 5.0;
				TARGETED_DEVICE_FAMILY = 1;
			};
			name = Debug;
		};
		D2B36D6E2890DEBA009C5127 /* Release */ = {
			isa = XCBuildConfiguration;
			buildSettings = {
				ASSETCATALOG_COMPILER_APPICON_NAME = AppIcon;
				ASSETCATALOG_COMPILER_GLOBAL_ACCENT_COLOR_NAME = AccentColor;
				CODE_SIGN_STYLE = Automatic;
				CURRENT_PROJECT_VERSION = 1;
				DEVELOPMENT_ASSET_PATHS = "\"Beer-Recommendation/Preview Content\"";
				DEVELOPMENT_TEAM = 27L86J7GQV;
				ENABLE_PREVIEWS = YES;
				GENERATE_INFOPLIST_FILE = YES;
				INFOPLIST_FILE = "Beer-Recommendation/Info.plist";
				INFOPLIST_KEY_UIApplicationSceneManifest_Generation = YES;
				INFOPLIST_KEY_UIApplicationSupportsIndirectInputEvents = YES;
				INFOPLIST_KEY_UILaunchScreen_Generation = YES;
				INFOPLIST_KEY_UISupportedInterfaceOrientations = UIInterfaceOrientationPortrait;
				INFOPLIST_KEY_UISupportedInterfaceOrientations_iPad = "UIInterfaceOrientationPortrait UIInterfaceOrientationPortraitUpsideDown UIInterfaceOrientationLandscapeLeft UIInterfaceOrientationLandscapeRight";
				INFOPLIST_KEY_UISupportedInterfaceOrientations_iPhone = "UIInterfaceOrientationPortrait UIInterfaceOrientationLandscapeLeft UIInterfaceOrientationLandscapeRight";
				IPHONEOS_DEPLOYMENT_TARGET = 15.0;
				LD_RUNPATH_SEARCH_PATHS = (
					"$(inherited)",
					"@executable_path/Frameworks",
				);
				MARKETING_VERSION = 1.0;
				PRODUCT_BUNDLE_IDENTIFIER = "com.parkhj0423.Beer-Recommendation";
				PRODUCT_NAME = "$(TARGET_NAME)";
				SWIFT_EMIT_LOC_STRINGS = YES;
				SWIFT_VERSION = 5.0;
				TARGETED_DEVICE_FAMILY = 1;
			};
			name = Release;
		};
		D2B36D702890DEBA009C5127 /* Debug */ = {
			isa = XCBuildConfiguration;
			buildSettings = {
				ALWAYS_EMBED_SWIFT_STANDARD_LIBRARIES = YES;
				BUNDLE_LOADER = "$(TEST_HOST)";
				CODE_SIGN_STYLE = Automatic;
				CURRENT_PROJECT_VERSION = 1;
				DEVELOPMENT_TEAM = 27L86J7GQV;
				GENERATE_INFOPLIST_FILE = YES;
				IPHONEOS_DEPLOYMENT_TARGET = 15.5;
				MARKETING_VERSION = 1.0;
				PRODUCT_BUNDLE_IDENTIFIER = "com.parkhj0423.Beer-RecommendationTests";
				PRODUCT_NAME = "$(TARGET_NAME)";
				SWIFT_EMIT_LOC_STRINGS = NO;
				SWIFT_VERSION = 5.0;
				TARGETED_DEVICE_FAMILY = "1,2";
				TEST_HOST = "$(BUILT_PRODUCTS_DIR)/Beer-Recommendation.app/Beer-Recommendation";
			};
			name = Debug;
		};
		D2B36D712890DEBA009C5127 /* Release */ = {
			isa = XCBuildConfiguration;
			buildSettings = {
				ALWAYS_EMBED_SWIFT_STANDARD_LIBRARIES = YES;
				BUNDLE_LOADER = "$(TEST_HOST)";
				CODE_SIGN_STYLE = Automatic;
				CURRENT_PROJECT_VERSION = 1;
				DEVELOPMENT_TEAM = 27L86J7GQV;
				GENERATE_INFOPLIST_FILE = YES;
				IPHONEOS_DEPLOYMENT_TARGET = 15.5;
				MARKETING_VERSION = 1.0;
				PRODUCT_BUNDLE_IDENTIFIER = "com.parkhj0423.Beer-RecommendationTests";
				PRODUCT_NAME = "$(TARGET_NAME)";
				SWIFT_EMIT_LOC_STRINGS = NO;
				SWIFT_VERSION = 5.0;
				TARGETED_DEVICE_FAMILY = "1,2";
				TEST_HOST = "$(BUILT_PRODUCTS_DIR)/Beer-Recommendation.app/Beer-Recommendation";
			};
			name = Release;
		};
		D2B36D732890DEBA009C5127 /* Debug */ = {
			isa = XCBuildConfiguration;
			buildSettings = {
				ALWAYS_EMBED_SWIFT_STANDARD_LIBRARIES = YES;
				CODE_SIGN_STYLE = Automatic;
				CURRENT_PROJECT_VERSION = 1;
				DEVELOPMENT_TEAM = 27L86J7GQV;
				GENERATE_INFOPLIST_FILE = YES;
				MARKETING_VERSION = 1.0;
				PRODUCT_BUNDLE_IDENTIFIER = "com.parkhj0423.Beer-RecommendationUITests";
				PRODUCT_NAME = "$(TARGET_NAME)";
				SWIFT_EMIT_LOC_STRINGS = NO;
				SWIFT_VERSION = 5.0;
				TARGETED_DEVICE_FAMILY = "1,2";
				TEST_TARGET_NAME = "Beer-Recommendation";
			};
			name = Debug;
		};
		D2B36D742890DEBA009C5127 /* Release */ = {
			isa = XCBuildConfiguration;
			buildSettings = {
				ALWAYS_EMBED_SWIFT_STANDARD_LIBRARIES = YES;
				CODE_SIGN_STYLE = Automatic;
				CURRENT_PROJECT_VERSION = 1;
				DEVELOPMENT_TEAM = 27L86J7GQV;
				GENERATE_INFOPLIST_FILE = YES;
				MARKETING_VERSION = 1.0;
				PRODUCT_BUNDLE_IDENTIFIER = "com.parkhj0423.Beer-RecommendationUITests";
				PRODUCT_NAME = "$(TARGET_NAME)";
				SWIFT_EMIT_LOC_STRINGS = NO;
				SWIFT_VERSION = 5.0;
				TARGETED_DEVICE_FAMILY = "1,2";
				TEST_TARGET_NAME = "Beer-Recommendation";
			};
			name = Release;
		};
/* End XCBuildConfiguration section */

/* Begin XCConfigurationList section */
		D2B36D432890DEB9009C5127 /* Build configuration list for PBXProject "Beer-Recommendation" */ = {
			isa = XCConfigurationList;
			buildConfigurations = (
				D2B36D6A2890DEBA009C5127 /* Debug */,
				D2B36D6B2890DEBA009C5127 /* Release */,
			);
			defaultConfigurationIsVisible = 0;
			defaultConfigurationName = Release;
		};
		D2B36D6C2890DEBA009C5127 /* Build configuration list for PBXNativeTarget "Beer-Recommendation" */ = {
			isa = XCConfigurationList;
			buildConfigurations = (
				D2B36D6D2890DEBA009C5127 /* Debug */,
				D2B36D6E2890DEBA009C5127 /* Release */,
			);
			defaultConfigurationIsVisible = 0;
			defaultConfigurationName = Release;
		};
		D2B36D6F2890DEBA009C5127 /* Build configuration list for PBXNativeTarget "Beer-RecommendationTests" */ = {
			isa = XCConfigurationList;
			buildConfigurations = (
				D2B36D702890DEBA009C5127 /* Debug */,
				D2B36D712890DEBA009C5127 /* Release */,
			);
			defaultConfigurationIsVisible = 0;
			defaultConfigurationName = Release;
		};
		D2B36D722890DEBA009C5127 /* Build configuration list for PBXNativeTarget "Beer-RecommendationUITests" */ = {
			isa = XCConfigurationList;
			buildConfigurations = (
				D2B36D732890DEBA009C5127 /* Debug */,
				D2B36D742890DEBA009C5127 /* Release */,
			);
			defaultConfigurationIsVisible = 0;
			defaultConfigurationName = Release;
		};
/* End XCConfigurationList section */
	};
	rootObject = D2B36D402890DEB9009C5127 /* Project object */;
}
